
Microsoft Visual Studio Solution File, Format Version 12.00
# Visual Studio 15
VisualStudioVersion = 15.0.28307.1169
MinimumVisualStudioVersion = 10.0.40219.1
Project("{8BC9CEB8-8B4A-11D0-8D11-00A0C91BC942}") = "RoombaSciBatteryMonitoring", "RoombaSciBatteryMonitoring.vcxproj", "{C05EE79A-971C-4C45-A0D7-3C4634A95E96}"
EndProject
Global
	GlobalSection(SolutionConfigurationPlatforms) = preSolution
		Debug|x64 = Debug|x64
		Debug|x86 = Debug|x86
		Release|x64 = Release|x64
		Release|x86 = Release|x86
	EndGlobalSection
	GlobalSection(ProjectConfigurationPlatforms) = postSolution
		{C05EE79A-971C-4C45-A0D7-3C4634A95E96}.Debug|x64.ActiveCfg = Debug|x64
		{C05EE79A-971C-4C45-A0D7-3C4634A95E96}.Debug|x64.Build.0 = Debug|x64
		{C05EE79A-971C-4C45-A0D7-3C4634A95E96}.Debug|x86.ActiveCfg = Debug|Win32
		{C05EE79A-971C-4C45-A0D7-3C4634A95E96}.Debug|x86.Build.0 = Debug|Win32
		{C05EE79A-971C-4C45-A0D7-3C4634A95E96}.Release|x64.ActiveCfg = Release|x64
		{C05EE79A-971C-4C45-A0D7-3C4634A95E96}.Release|x64.Build.0 = Release|x64
		{C05EE79A-971C-4C45-A0D7-3C4634A95E96}.Release|x86.ActiveCfg = Release|Win32
		{C05EE79A-971C-4C45-A0D7-3C4634A95E96}.Release|x86.Build.0 = Release|Win32
	EndGlobalSection
	GlobalSection(SolutionProperties) = preSolution
		HideSolutionNode = FALSE
	EndGlobalSection
	GlobalSection(ExtensibilityGlobals) = postSolution
		SolutionGuid = {11D6F524-F7EB-4CA1-8F9D-318990C778F2}
	EndGlobalSection
EndGlobal
